
Microsoft Visual Studio Solution File, Format Version 12.00
# Visual Studio Version 16
VisualStudioVersion = 16.0.31424.327
MinimumVisualStudioVersion = 10.0.40219.1
Project("{FAE04EC0-301F-11D3-BF4B-00C04F79EFBC}") = "Deliverable6", "Deliverable6\Deliverable6.csproj", "{1C17FB67-418F-493C-BB62-71716C574608}"
EndProject
Global
	GlobalSection(SolutionConfigurationPlatforms) = preSolution
		Debug|Any CPU = Debug|Any CPU
		Release|Any CPU = Release|Any CPU
	EndGlobalSection
	GlobalSection(ProjectConfigurationPlatforms) = postSolution
		{1C17FB67-418F-493C-BB62-71716C574608}.Debug|Any CPU.ActiveCfg = Debug|Any CPU
		{1C17FB67-418F-493C-BB62-71716C574608}.Debug|Any CPU.Build.0 = Debug|Any CPU
		{1C17FB67-418F-493C-BB62-71716C574608}.Release|Any CPU.ActiveCfg = Release|Any CPU
		{1C17FB67-418F-493C-BB62-71716C574608}.Release|Any CPU.Build.0 = Release|Any CPU
	EndGlobalSection
	GlobalSection(SolutionProperties) = preSolution
		HideSolutionNode = FALSE
	EndGlobalSection
	GlobalSection(ExtensibilityGlobals) = postSolution
		SolutionGuid = {4D6C398B-4CC0-4A85-8706-214E60B0B73B}
	EndGlobalSection
EndGlobal
